{
  "version": 4,
  "terraform_version": "1.13.4",
  "serial": 4,
  "lineage": "b4de6552-193a-0bec-c475-b32a4d321561",
  "outputs": {
    "file_content_preview": {
      "value": "🚀 Bienvenido al Día 22 - Terraform Basics\n==========================================\n\n👨‍💻 Estudiante: ",
      "type": "string"
    },
    "generated_files": {
      "value": {
        "config_file": "terraform-config.json",
        "main_file": "terraform-50ebcfe8.txt"
      },
      "type": [
        "object",
        {
          "config_file": "string",
          "main_file": "string"
        }
      ]
    },
    "project_summary": {
      "value": {
        "files_created": 2,
        "student": "DevOps Student",
        "terraform_version": "1.6+",
        "timestamp": "2026-02-11 17:38:38"
      },
      "type": [
        "object",
        {
          "files_created": "number",
          "student": "string",
          "terraform_version": "string",
          "timestamp": "string"
        }
      ]
    }
  },
  "resources": [
    {
      "mode": "managed",
      "type": "local_file",
      "name": "devops_journey",
      "provider": "provider[\"registry.terraform.io/hashicorp/local\"]",
      "instances": [
        {
          "schema_version": 0,
          "attributes": {
            "content": "🚀 Bienvenido al Día 22 - Terraform Basics\n==========================================\n\n👨‍💻 Estudiante: DevOps Student\n📅 Fecha: 2026-02-11 17:38:38\n📖 Día: 22 del desafío 90 Días de DevOps\n\n🛠️ Herramientas que hemos aprendido:\n  ✅ Docker\n  ✅ Docker Compose\n  ✅ Terraform\n  ✅ GitHub Actions\n  ✅ Kubernetes\n\n🎯 Objetivos de Hoy:\n- Entender qué es Infrastructure as Code\n- Aprender la sintaxis básica de Terraform\n- Crear nuestros primeros recursos\n- Manejar variables y outputs\n\n💡 Recuerda: \n\"La infraestructura como código no es solo una herramienta,\nes una mentalidad que transforma cómo gestionamos la tecnología.\"\n\n¡Sigue adelante en tu journey DevOps! 🚀\n\n---\nGenerado automáticamente por Terraform",
            "content_base64": null,
            "content_base64sha256": "s1pSeelXBnah2PD4htZpCSTOnAJeK0UyN/jYZWwCFnE=",
            "content_base64sha512": "QSdwmRcKrwTuvIUjQQxWE6oao2T4CioThtM727uNO7lUYcKh4wyydunCQg6kwy/HeOj0cSTN6owNtCfWQ9+e/Q==",
            "content_md5": "50dd108fbd817a74e2e923d8e0460eb1",
            "content_sha1": "39f20397156079f394aa870f895d23b36668507e",
            "content_sha256": "b35a5279e9570676a1d8f0f886d6690924ce9c025e2b453237f8d8656c021671",
            "content_sha512": "41277099170aaf04eebc8523410c5613aa1aa364f80a2a1386d33bdbbb8d3bb95461c2a1e30cb276e9c2420ea4c32fc778e8f47124cdea8c0db427d643df9efd",
            "directory_permission": "0777",
            "file_permission": "0644",
            "filename": "terraform-50ebcfe8.txt",
            "id": "39f20397156079f394aa870f895d23b36668507e",
            "sensitive_content": null,
            "source": null
          },
          "sensitive_attributes": [
            [
              {
                "type": "get_attr",
                "value": "sensitive_content"
              }
            ]
          ],
          "identity_schema_version": 0,
          "dependencies": [
            "random_id.file_suffix"
          ]
        }
      ]
    },
    {
      "mode": "managed",
      "type": "local_file",
      "name": "terraform_config",
      "provider": "provider[\"registry.terraform.io/hashicorp/local\"]",
      "instances": [
        {
          "schema_version": 0,
          "attributes": {
            "content": "{\"learning_objectives\":[\"Understand IaC concepts\",\"Learn Terraform basics\",\"Create first resources\",\"Manage state files\"],\"project\":{\"created_at\":\"2026-02-11 17:38:38\",\"day\":22,\"name\":\"devops-with-roxs\",\"student\":\"DevOps Student\",\"topic\":\"terraform-basics\"},\"terraform\":{\"providers\":{\"local\":\"~\\u003e 2.4\",\"random\":\"~\\u003e 3.4\"},\"version\":\"1.6+\"}}",
            "content_base64": null,
            "content_base64sha256": "MA9qamkRARV826+YUTjBk7P3iqvNVBY4g7Y+4l9WaPQ=",
            "content_base64sha512": "szJdqHDMucolRa0ME/x5F1lNBHNKcTDoKxii3cZejjCKMlYg2ZrUsJOFZyWGF4PRjp3qeeGG0u21PAQhwyPNZQ==",
            "content_md5": "760ae9486e17a35d26edeabef56c6c7c",
            "content_sha1": "f298ed02003e9c80adb0d479feaf8b07cbcd6729",
            "content_sha256": "300f6a6a691101157cdbaf985138c193b3f78aabcd54163883b63ee25f5668f4",
            "content_sha512": "b3325da870ccb9ca2545ad0c13fc7917594d04734a7130e82b18a2ddc65e8e308a325620d99ad4b093856725861783d18e9dea79e186d2edb53c0421c323cd65",
            "directory_permission": "0777",
            "file_permission": "0777",
            "filename": "terraform-config.json",
            "id": "f298ed02003e9c80adb0d479feaf8b07cbcd6729",
            "sensitive_content": null,
            "source": null
          },
          "sensitive_attributes": [
            [
              {
                "type": "get_attr",
                "value": "sensitive_content"
              }
            ]
          ],
          "identity_schema_version": 0
        }
      ]
    },
    {
      "mode": "managed",
      "type": "random_id",
      "name": "file_suffix",
      "provider": "provider[\"registry.terraform.io/hashicorp/random\"]",
      "instances": [
        {
          "schema_version": 0,
          "attributes": {
            "b64_std": "UOvP6A==",
            "b64_url": "UOvP6A",
            "byte_length": 4,
            "dec": "1357631464",
            "hex": "50ebcfe8",
            "id": "UOvP6A",
            "keepers": null,
            "prefix": null
          },
          "sensitive_attributes": [],
          "identity_schema_version": 0
        }
      ]
    }
  ],
  "check_results": [
    {
      "object_kind": "var",
      "config_addr": "var.student_name",
      "status": "pass",
      "objects": [
        {
          "object_addr": "var.student_name",
          "status": "pass"
        }
      ]
    }
  ]
}
