{
  "version": 4,
  "terraform_version": "1.13.4",
  "serial": 5,
  "lineage": "6cfec7c8-df8f-75b6-9e1f-3ae5eb2825f5",
  "outputs": {},
  "resources": [
    {
      "mode": "managed",
      "type": "local_file",
      "name": "devops_journey",
      "provider": "provider[\"registry.terraform.io/hashicorp/local\"]",
      "instances": [
        {
          "schema_version": 0,
          "attributes": {
            "content": "🚀 Bienvenido al Día 22 - Terraform Basics\n==========================================\n\n👨‍💻 Estudiante: VicRoUnix student\n📅 Fecha: 2025-11-06 09:33:55\n📖 Día: 22 del desafío 90 Días de DevOps\n\n🛠️ Herramientas que hemos aprendido:\n  ✅ Docker\n  ✅ Docker Compose\n  ✅ Terraform\n  ✅ GitHub Actions\n  ✅ Kubernetes\n\n🎯 Objetivos de Hoy:\n- Entender qué es Infrastructure as Code\n- Aprender la sintaxis básica de Terraform\n- Crear nuestros primeros recursos\n- Manejar variables y outputs\n\n💡 Recuerda: \n\"La infraestructura como código no es solo una herramienta,\nes una mentalidad que transforma cómo gestionamos la tecnología.\"\n\n¡Sigue adelante en tu journey DevOps! 🚀\n\n---\nGenerado automáticamente por Terraform",
            "content_base64": null,
            "content_base64sha256": "a0iUoLZMXJhP6tuDrcjzsiALMgEUpVvFitX3ucgVv5k=",
            "content_base64sha512": "/h5/jgpPGSJOMYq48Z1R7uXoF0iiQpuBIvaMuNe0/iarYPBeCzk3ayMsQX/E7g3/OIhQamQZBp5WAgVThRqxGw==",
            "content_md5": "dcd7395a1344c2240515237ece4bd387",
            "content_sha1": "178a9e917a935b574aae4e0296b926a27ae98961",
            "content_sha256": "6b4894a0b64c5c984feadb83adc8f3b2200b320114a55bc58ad5f7b9c815bf99",
            "content_sha512": "fe1e7f8e0a4f19224e318ab8f19d51eee5e81748a2429b8122f68cb8d7b4fe26ab60f05e0b39376b232c417fc4ee0dff3888506a6419069e56020553851ab11b",
            "directory_permission": "0777",
            "file_permission": "0644",
            "filename": "terraform-40006c21.txt",
            "id": "178a9e917a935b574aae4e0296b926a27ae98961",
            "sensitive_content": null,
            "source": null
          },
          "sensitive_attributes": [
            [
              {
                "type": "get_attr",
                "value": "sensitive_content"
              }
            ]
          ],
          "identity_schema_version": 0,
          "dependencies": [
            "random_id.file_suffix"
          ]
        }
      ]
    },
    {
      "mode": "managed",
      "type": "local_file",
      "name": "terraform_config",
      "provider": "provider[\"registry.terraform.io/hashicorp/local\"]",
      "instances": [
        {
          "schema_version": 0,
          "attributes": {
            "content": "{\"learning_objectives\":[\"Understand IaC concepts\",\"Learn Terraform basics\",\"Create first resources\",\"Manage state files\"],\"project\":{\"created_at\":\"VicRoUnix student\",\"day\":22,\"name\":\"devops-with-vic\",\"topic\":\"terraform-basics\"},\"terraform\":{\"providers\":{\"local\":\"~\\u003e 2.4\",\"random\":\"~\\u003e 3.4\"},\"version\":\"1.6+\"}}",
            "content_base64": null,
            "content_base64sha256": "NIP3qC+CdAGBEUOa7vJjy0DrOjFZukub5wtq0lBX/GA=",
            "content_base64sha512": "Qwy7gGLWz42RTMSZS2SYFl76TV/4lzG6qkQN3YUQdjl1vYVKAqYJHz0YZPa724g+3rzq7GWNtgFtlq2WG44Lbg==",
            "content_md5": "01f06d14b6ca4979414f15cca4dba908",
            "content_sha1": "52c6dc781ad7cd073de880aca4efed392f8b68ce",
            "content_sha256": "3483f7a82f8274018111439aeef263cb40eb3a3159ba4b9be70b6ad25057fc60",
            "content_sha512": "430cbb8062d6cf8d914cc4994b6498165efa4d5ff89731baaa440ddd8510763975bd854a02a6091f3d1864f6bbdb883edebceaec658db6016d96ad961b8e0b6e",
            "directory_permission": "0777",
            "file_permission": "0777",
            "filename": "terraform-config.json",
            "id": "52c6dc781ad7cd073de880aca4efed392f8b68ce",
            "sensitive_content": null,
            "source": null
          },
          "sensitive_attributes": [
            [
              {
                "type": "get_attr",
                "value": "sensitive_content"
              }
            ]
          ],
          "identity_schema_version": 0
        }
      ]
    },
    {
      "mode": "managed",
      "type": "random_id",
      "name": "file_suffix",
      "provider": "provider[\"registry.terraform.io/hashicorp/random\"]",
      "instances": [
        {
          "schema_version": 0,
          "attributes": {
            "b64_std": "QABsIQ==",
            "b64_url": "QABsIQ",
            "byte_length": 4,
            "dec": "1073769505",
            "hex": "40006c21",
            "id": "QABsIQ",
            "keepers": null,
            "prefix": null
          },
          "sensitive_attributes": [],
          "identity_schema_version": 0
        }
      ]
    }
  ],
  "check_results": [
    {
      "object_kind": "var",
      "config_addr": "var.student_name",
      "status": "pass",
      "objects": [
        {
          "object_addr": "var.student_name",
          "status": "pass"
        }
      ]
    }
  ]
}
