{
  "version": 4,
  "terraform_version": "1.13.4",
  "serial": 35,
  "lineage": "2ffbd7c3-8536-ae20-e0d2-ee000f3d5cf4",
  "outputs": {},
  "resources": [
    {
      "mode": "managed",
      "type": "local_file",
      "name": "learning_roadmap",
      "provider": "provider[\"registry.terraform.io/hashicorp/local\"]",
      "instances": [
        {
          "index_key": 0,
          "schema_version": 0,
          "attributes": {
            "content": "# Mi Roadmap DevOps Personal\n\n**Desarrollado por:** VicRoUnix  \n**GitHub:** [vicrounix](https://github.com/vicrounix)  \n**Lenguaje Favorito:** Python  \n**Día Actual:** 22/90  \n\n## Mi Journey Hasta Ahora\n\n### Skills Dominados\n1. **Git** ✅\n2. **Linux** ✅\n3. **Docker** ✅\n4. **Docker Compose** ✅\n5. **Terraform** ✅\n\n### Próximos Objetivos\n1. **Kubernetes** 📖\n2. **Helm** 📖\n3. **ArgoCD** 📖\n4. **Prometheus** 📖\n5. **Grafana** 📖\n\n## Plan de Acción\n\n### Semana 4: Infrastructure as Code\n- [x] **Día 22:** Terraform Basics (HOY)\n- [ ] **Día 23:** Variables y Funciones\n- [ ] **Día 24:** Módulos y Estructura\n- [ ] **Día 25:** Providers y Resources\n- [ ] **Día 26:** Estado Remoto\n- [ ] **Día 27:** CI/CD con Terraform\n- [ ] **Día 28:** Proyecto Final\n\n### Proyectos Futuros\n- [ ] Infraestructura multi-cloud con Terraform\n- [ ] Pipeline CI/CD completo\n- [ ] Monitoreo con Prometheus + Grafana\n- [ ] Orquestación con Kubernetes\n\n## Reflexiones\n\n\u003e \"La infraestructura como código no es solo una herramienta,\n\u003e es una mentalidad que transforma cómo gestionamos la tecnología.\"\n\n---\n*Actualizado automáticamente - Día 22*",
            "content_base64": null,
            "content_base64sha256": "4bDQ5nrRh6DQGIkDU8JKzMwk6nrZursSPVI+rzaIAJU=",
            "content_base64sha512": "pHeBXdf6yTvjvykC58Rziijynorzas2bvQwhZmrulVEVlH8uTd3/cbSA2LB5Te8PbfZRKltyUeIPE5V4n7dasA==",
            "content_md5": "4a95d341dd8604790ac185120c710417",
            "content_sha1": "9cc331f7dcafcb627ccca47078eea965241f4aba",
            "content_sha256": "e1b0d0e67ad187a0d018890353c24acccc24ea7ad9babb123d523eaf36880095",
            "content_sha512": "a477815dd7fac93be3bf2902e7c4738a28f29e8af36acd9bbd0c21666aee955115947f2e4dddff71b480d8b0794def0f6df6512a5b7251e20f1395789fb75ab0",
            "directory_permission": "0777",
            "file_permission": "0777",
            "filename": "outputs/learning-roadmap.md",
            "id": "9cc331f7dcafcb627ccca47078eea965241f4aba",
            "sensitive_content": null,
            "source": null
          },
          "sensitive_attributes": [
            [
              {
                "type": "get_attr",
                "value": "sensitive_content"
              }
            ]
          ],
          "identity_schema_version": 0
        }
      ]
    },
    {
      "mode": "managed",
      "type": "local_file",
      "name": "progress_report",
      "provider": "provider[\"registry.terraform.io/hashicorp/local\"]",
      "instances": [
        {
          "index_key": 0,
          "schema_version": 0,
          "attributes": {
            "content": "===========================================\nREPORTE DE PROGRESO - DÍA 22\n===========================================\n\nEstudiante: VicRoUnix\nFecha: 2025-11-06 11:34:22\nProgreso General: 0%\n\nESTADISTICAS:\n- Herramientas dominadas: 5\n- Por aprender: 5\n- Total en roadmap: 10\n\nHERRAMIENTAS DOMINADAS:\n    * Kubernetes\n    * Helm\n    * ArgoCD\n    * Prometheus\n    * Grafana\n\nSigue así! Cada día te acercas más a ser un \n   DevOps Engineer completo.\n\n===========================================\nGenerado por Terraform - Infrastructure as Code",
            "content_base64": null,
            "content_base64sha256": "K7xk+HPo9yP7EvTYvmtVbW54hpR5QijbR3KInuxJZ2A=",
            "content_base64sha512": "sF++jwR6R/0SPNoej7CwDxQGS8zfh7VfMmoQsOdC5KKqJLASBIktcix3WB+JJHmUUAmQTeuYnXmwlUHZvOkmmg==",
            "content_md5": "0a17c9703d5ca41ca570f328a8a0d9d1",
            "content_sha1": "bd12e13a7abbc29cf29666d0661a7dbebb64dfa0",
            "content_sha256": "2bbc64f873e8f723fb12f4d8be6b556d6e788694794228db4772889eec496760",
            "content_sha512": "b05fbe8f047a47fd123cda1e8fb0b00f14064bccdf87b55f326a10b0e742e4a2aa24b01204892d722c77581f892479945009904deb989d79b09541d9bce9269a",
            "directory_permission": "0777",
            "file_permission": "0777",
            "filename": "outputs/progress-report.txt",
            "id": "bd12e13a7abbc29cf29666d0661a7dbebb64dfa0",
            "sensitive_content": null,
            "source": null
          },
          "sensitive_attributes": [
            [
              {
                "type": "get_attr",
                "value": "sensitive_content"
              }
            ]
          ],
          "identity_schema_version": 0,
          "dependencies": [
            "time_static.creation_time"
          ]
        }
      ]
    },
    {
      "mode": "managed",
      "type": "local_file",
      "name": "project_config",
      "provider": "provider[\"registry.terraform.io/hashicorp/local\"]",
      "instances": [
        {
          "index_key": 0,
          "schema_version": 0,
          "attributes": {
            "content": "{\"files_generated\":[\"config\",\"progress\",\"readme\",\"roadmap\"],\"learning\":{\"progress_percent\":0,\"tools_mastered\":[\"Git\",\"Linux\",\"Docker\",\"Docker Compose\",\"Terraform\"],\"tools_to_learn\":[\"Kubernetes\",\"Helm\",\"ArgoCD\",\"Prometheus\",\"Grafana\"],\"total_tools\":10},\"project\":{\"created_at\":\"2025-11-06 11:34:22\",\"day\":22,\"environment\":\"learning\",\"github_user\":\"vicrounix\",\"id\":\"47665f63dc9635cd\",\"lenguage\":\"Python\",\"name\":\"devops-journey\",\"student\":\"VicRoUnix\"},\"terraform\":{\"providers\":{\"local\":\"~\\u003e 2.4\",\"random\":\"~\\u003e 3.4\"},\"version\":\"1.6+\"}}",
            "content_base64": null,
            "content_base64sha256": "P5/tZi0I8DAMMOglTmgmc+W4mhI0gpF2hoERf7YNvdI=",
            "content_base64sha512": "temG8lna1mbfXHmUeNiFNapdw1M94MPX2ENTOFPZcB3ZtyUXS8SDcbECFZv1DBU+MgcSmCcLG4q4JF2frCK6/w==",
            "content_md5": "613faf4af69db1b9e45f4514e5e4d02e",
            "content_sha1": "7935e0efe960a17c595a1b2e62260fc05ff86f7b",
            "content_sha256": "3f9fed662d08f0300c30e8254e682673e5b89a12348291768681117fb60dbdd2",
            "content_sha512": "b5e986f259dad666df5c799478d88535aa5dc3533de0c3d7d843533853d9701dd9b725174bc48371b102159bf50c153e32071298270b1b8ab8245d9fac22baff",
            "directory_permission": "0777",
            "file_permission": "0777",
            "filename": "outputs/project-config.json",
            "id": "7935e0efe960a17c595a1b2e62260fc05ff86f7b",
            "sensitive_content": null,
            "source": null
          },
          "sensitive_attributes": [
            [
              {
                "type": "get_attr",
                "value": "sensitive_content"
              }
            ]
          ],
          "identity_schema_version": 0,
          "dependencies": [
            "random_id.project_id",
            "time_static.creation_time"
          ]
        }
      ]
    },
    {
      "mode": "managed",
      "type": "local_file",
      "name": "readme",
      "provider": "provider[\"registry.terraform.io/hashicorp/local\"]",
      "instances": [
        {
          "index_key": 0,
          "schema_version": 0,
          "attributes": {
            "content": "",
            "content_base64": null,
            "content_base64sha256": "47DEQpj8HBSa+/TImW+5JCeuQeRkm5NMpJWZG3hSuFU=",
            "content_base64sha512": "z4PhNX7vuL3xVChQ1m2AB9Yg5AULVxXcg/SpIdNs6c5H0NE8XYXysP+DGNKHfuwvY7kxvUdBeoGlODJ6+SfaPg==",
            "content_md5": "d41d8cd98f00b204e9800998ecf8427e",
            "content_sha1": "da39a3ee5e6b4b0d3255bfef95601890afd80709",
            "content_sha256": "e3b0c44298fc1c149afbf4c8996fb92427ae41e4649b934ca495991b7852b855",
            "content_sha512": "cf83e1357eefb8bdf1542850d66d8007d620e4050b5715dc83f4a921d36ce9ce47d0d13c5d85f2b0ff8318d2877eec2f63b931bd47417a81a538327af927da3e",
            "directory_permission": "0777",
            "file_permission": "0777",
            "filename": "README.md",
            "id": "da39a3ee5e6b4b0d3255bfef95601890afd80709",
            "sensitive_content": null,
            "source": null
          },
          "sensitive_attributes": [
            [
              {
                "type": "get_attr",
                "value": "sensitive_content"
              }
            ]
          ],
          "identity_schema_version": 0,
          "dependencies": [
            "random_id.project_id",
            "time_static.creation_time"
          ]
        }
      ]
    },
    {
      "mode": "managed",
      "type": "random_id",
      "name": "project_id",
      "provider": "provider[\"registry.terraform.io/hashicorp/random\"]",
      "instances": [
        {
          "schema_version": 0,
          "attributes": {
            "b64_std": "R2ZfY9yWNc0=",
            "b64_url": "R2ZfY9yWNc0",
            "byte_length": 8,
            "dec": "5144904506824603085",
            "hex": "47665f63dc9635cd",
            "id": "R2ZfY9yWNc0",
            "keepers": null,
            "prefix": null
          },
          "sensitive_attributes": [],
          "identity_schema_version": 0
        }
      ]
    },
    {
      "mode": "managed",
      "type": "time_static",
      "name": "creation_time",
      "provider": "provider[\"registry.terraform.io/hashicorp/time\"]",
      "instances": [
        {
          "schema_version": 0,
          "attributes": {
            "day": 6,
            "hour": 11,
            "id": "2025-11-06T11:34:22Z",
            "minute": 34,
            "month": 11,
            "rfc3339": "2025-11-06T11:34:22Z",
            "second": 22,
            "triggers": null,
            "unix": 1762428862,
            "year": 2025
          },
          "sensitive_attributes": [],
          "identity_schema_version": 0
        }
      ]
    }
  ],
  "check_results": [
    {
      "object_kind": "var",
      "config_addr": "var.student_name",
      "status": "pass",
      "objects": [
        {
          "object_addr": "var.student_name",
          "status": "pass"
        }
      ]
    },
    {
      "object_kind": "var",
      "config_addr": "var.favorite_lenguage",
      "status": "pass",
      "objects": [
        {
          "object_addr": "var.favorite_lenguage",
          "status": "pass"
        }
      ]
    },
    {
      "object_kind": "var",
      "config_addr": "var.project_config",
      "status": "pass",
      "objects": [
        {
          "object_addr": "var.project_config",
          "status": "pass"
        }
      ]
    }
  ]
}
